
Microsoft Visual Studio Solution File, Format Version 12.00
# Visual Studio Version 16
VisualStudioVersion = 16.0.28803.202
MinimumVisualStudioVersion = 10.0.40219.1
Project("{FAE04EC0-301F-11D3-BF4B-00C04F79EFBC}") = "Parcial3React1", "Parcial3React1\Parcial3React1.csproj", "{C162B322-8B3B-4610-B08F-F45FD346E7B9}"
EndProject
Global
	GlobalSection(SolutionConfigurationPlatforms) = preSolution
		Debug|Any CPU = Debug|Any CPU
		Release|Any CPU = Release|Any CPU
	EndGlobalSection
	GlobalSection(ProjectConfigurationPlatforms) = postSolution
		{C162B322-8B3B-4610-B08F-F45FD346E7B9}.Debug|Any CPU.ActiveCfg = Debug|Any CPU
		{C162B322-8B3B-4610-B08F-F45FD346E7B9}.Debug|Any CPU.Build.0 = Debug|Any CPU
		{C162B322-8B3B-4610-B08F-F45FD346E7B9}.Release|Any CPU.ActiveCfg = Release|Any CPU
		{C162B322-8B3B-4610-B08F-F45FD346E7B9}.Release|Any CPU.Build.0 = Release|Any CPU
	EndGlobalSection
	GlobalSection(SolutionProperties) = preSolution
		HideSolutionNode = FALSE
	EndGlobalSection
	GlobalSection(ExtensibilityGlobals) = postSolution
		SolutionGuid = {97181799-4CA4-42AD-B9E9-81E87C836751}
	EndGlobalSection
EndGlobal
